// !$*UTF8*$!
{
	archiveVersion = 1;
	classes = {
	};
	objectVersion = 50;
	objects = {

/* Begin PBXBuildFile section */
		3CFAA5382647AAAC00EEF165 /* AppDelegate.m in Sources */ = {isa = PBXBuildFile; fileRef = 3CFAA5372647AAAC00EEF165 /* AppDelegate.m */; };
		3CFAA53B2647AAAC00EEF165 /* SceneDelegate.m in Sources */ = {isa = PBXBuildFile; fileRef = 3CFAA53A2647AAAC00EEF165 /* SceneDelegate.m */; };
		3CFAA53E2647AAAC00EEF165 /* ViewController.m in Sources */ = {isa = PBXBuildFile; fileRef = 3CFAA53D2647AAAC00EEF165 /* ViewController.m */; };
		3CFAA5412647AAAC00EEF165 /* Main.storyboard in Resources */ = {isa = PBXBuildFile; fileRef = 3CFAA53F2647AAAC00EEF165 /* Main.storyboard */; };
		3CFAA5432647AAB000EEF165 /* Assets.xcassets in Resources */ = {isa = PBXBuildFile; fileRef = 3CFAA5422647AAB000EEF165 /* Assets.xcassets */; };
		3CFAA5462647AAB000EEF165 /* LaunchScreen.storyboard in Resources */ = {isa = PBXBuildFile; fileRef = 3CFAA5442647AAB000EEF165 /* LaunchScreen.storyboard */; };
		3CFAA5492647AAB000EEF165 /* main.m in Sources */ = {isa = PBXBuildFile; fileRef = 3CFAA5482647AAB000EEF165 /* main.m */; };
/* End PBXBuildFile section */

/* Begin PBXFileReference section */
		3CFAA5332647AAAC00EEF165 /* QRGenerator.app */ = {isa = PBXFileReference; explicitFileType = wrapper.application; includeInIndex = 0; path = QRGenerator.app; sourceTree = BUILT_PRODUCTS_DIR; };
		3CFAA5362647AAAC00EEF165 /* AppDelegate.h */ = {isa = PBXFileReference; lastKnownFileType = sourcecode.c.h; path = AppDelegate.h; sourceTree = "<group>"; };
		3CFAA5372647AAAC00EEF165 /* AppDelegate.m */ = {isa = PBXFileReference; lastKnownFileType = sourcecode.c.objc; path = AppDelegate.m; sourceTree = "<group>"; };
		3CFAA5392647AAAC00EEF165 /* SceneDelegate.h */ = {isa = PBXFileReference; lastKnownFileType = sourcecode.c.h; path = SceneDelegate.h; sourceTree = "<group>"; };
		3CFAA53A2647AAAC00EEF165 /* SceneDelegate.m */ = {isa = PBXFileReference; lastKnownFileType = sourcecode.c.objc; path = SceneDelegate.m; sourceTree = "<group>"; };
		3CFAA53C2647AAAC00EEF165 /* ViewController.h */ = {isa = PBXFileReference; lastKnownFileType = sourcecode.c.h; path = ViewController.h; sourceTree = "<group>"; };
		3CFAA53D2647AAAC00EEF165 /* ViewController.m */ = {isa = PBXFileReference; lastKnownFileType = sourcecode.c.objc; path = ViewController.m; sourceTree = "<group>"; };
		3CFAA5402647AAAC00EEF165 /* Base */ = {isa = PBXFileReference; lastKnownFileType = file.storyboard; name = Base; path = Base.lproj/Main.storyboard; sourceTree = "<group>"; };
		3CFAA5422647AAB000EEF165 /* Assets.xcassets */ = {isa = PBXFileReference; lastKnownFileType = folder.assetcatalog; path = Assets.xcassets; sourceTree = "<group>"; };
		3CFAA5452647AAB000EEF165 /* Base */ = {isa = PBXFileReference; lastKnownFileType = file.storyboard; name = Base; path = Base.lproj/LaunchScreen.storyboard; sourceTree = "<group>"; };
		3CFAA5472647AAB000EEF165 /* Info.plist */ = {isa = PBXFileReference; lastKnownFileType = text.plist.xml; path = Info.plist; sourceTree = "<group>"; };
		3CFAA5482647AAB000EEF165 /* main.m */ = {isa = PBXFileReference; lastKnownFileType = sourcecode.c.objc; path = main.m; sourceTree = "<group>"; };
/* End PBXFileReference section */

/* Begin PBXFrameworksBuildPhase section */
		3CFAA5302647AAAC00EEF165 /* Frameworks */ = {
			isa = PBXFrameworksBuildPhase;
			buildActionMask = 2147483647;
			files = (
			);
			runOnlyForDeploymentPostprocessing = 0;
		};
/* End PBXFrameworksBuildPhase section */

/* Begin PBXGroup section */
		3CFAA52A2647AAAC00EEF165 = {
			isa = PBXGroup;
			children = (
				3CFAA5352647AAAC00EEF165 /* QRGenerator */,
				3CFAA5342647AAAC00EEF165 /* Products */,
			);
			sourceTree = "<group>";
		};
		3CFAA5342647AAAC00EEF165 /* Products */ = {
			isa = PBXGroup;
			children = (
				3CFAA5332647AAAC00EEF165 /* QRGenerator.app */,
			);
			name = Products;
			sourceTree = "<group>";
		};
		3CFAA5352647AAAC00EEF165 /* QRGenerator */ = {
			isa = PBXGroup;
			children = (
				3CFAA5362647AAAC00EEF165 /* AppDelegate.h */,
				3CFAA5372647AAAC00EEF165 /* AppDelegate.m */,
				3CFAA5392647AAAC00EEF165 /* SceneDelegate.h */,
				3CFAA53A2647AAAC00EEF165 /* SceneDelegate.m */,
				3CFAA53C2647AAAC00EEF165 /* ViewController.h */,
				3CFAA53D2647AAAC00EEF165 /* ViewController.m */,
				3CFAA53F2647AAAC00EEF165 /* Main.storyboard */,
				3CFAA5422647AAB000EEF165 /* Assets.xcassets */,
				3CFAA5442647AAB000EEF165 /* LaunchScreen.storyboard */,
				3CFAA5472647AAB000EEF165 /* Info.plist */,
				3CFAA5482647AAB000EEF165 /* main.m */,
			);
			path = QRGenerator;
			sourceTree = "<group>";
		};
/* End PBXGroup section */

/* Begin PBXNativeTarget section */
		3CFAA5322647AAAC00EEF165 /* QRGenerator */ = {
			isa = PBXNativeTarget;
			buildConfigurationList = 3CFAA54C2647AAB000EEF165 /* Build configuration list for PBXNativeTarget "QRGenerator" */;
			buildPhases = (
				3CFAA52F2647AAAC00EEF165 /* Sources */,
				3CFAA5302647AAAC00EEF165 /* Frameworks */,
				3CFAA5312647AAAC00EEF165 /* Resources */,
			);
			buildRules = (
			);
			dependencies = (
			);
			name = QRGenerator;
			productName = QRGenerator;
			productReference = 3CFAA5332647AAAC00EEF165 /* QRGenerator.app */;
			productType = "com.apple.product-type.application";
		};
/* End PBXNativeTarget section */

/* Begin PBXProject section */
		3CFAA52B2647AAAC00EEF165 /* Project object */ = {
			isa = PBXProject;
			attributes = {
				LastUpgradeCheck = 1240;
				TargetAttributes = {
					3CFAA5322647AAAC00EEF165 = {
						CreatedOnToolsVersion = 12.4;
					};
				};
			};
			buildConfigurationList = 3CFAA52E2647AAAC00EEF165 /* Build configuration list for PBXProject "QRGenerator" */;
			compatibilityVersion = "Xcode 9.3";
			developmentRegion = en;
			hasScannedForEncodings = 0;
			knownRegions = (
				en,
				Base,
			);
			mainGroup = 3CFAA52A2647AAAC00EEF165;
			productRefGroup = 3CFAA5342647AAAC00EEF165 /* Products */;
			projectDirPath = "";
			projectRoot = "";
			targets = (
				3CFAA5322647AAAC00EEF165 /* QRGenerator */,
			);
		};
/* End PBXProject section */

/* Begin PBXResourcesBuildPhase section */
		3CFAA5312647AAAC00EEF165 /* Resources */ = {
			isa = PBXResourcesBuildPhase;
			buildActionMask = 2147483647;
			files = (
				3CFAA5462647AAB000EEF165 /* LaunchScreen.storyboard in Resources */,
				3CFAA5432647AAB000EEF165 /* Assets.xcassets in Resources */,
				3CFAA5412647AAAC00EEF165 /* Main.storyboard in Resources */,
			);
			runOnlyForDeploymentPostprocessing = 0;
		};
/* End PBXResourcesBuildPhase section */

/* Begin PBXSourcesBuildPhase section */
		3CFAA52F2647AAAC00EEF165 /* Sources */ = {
			isa = PBXSourcesBuildPhase;
			buildActionMask = 2147483647;
			files = (
				3CFAA53E2647AAAC00EEF165 /* ViewController.m in Sources */,
				3CFAA5382647AAAC00EEF165 /* AppDelegate.m in Sources */,
				3CFAA5492647AAB000EEF165 /* main.m in Sources */,
				3CFAA53B2647AAAC00EEF165 /* SceneDelegate.m in Sources */,
			);
			runOnlyForDeploymentPostprocessing = 0;
		};
/* End PBXSourcesBuildPhase section */

/* Begin PBXVariantGroup section */
		3CFAA53F2647AAAC00EEF165 /* Main.storyboard */ = {
			isa = PBXVariantGroup;
			children = (
				3CFAA5402647AAAC00EEF165 /* Base */,
			);
			name = Main.storyboard;
			sourceTree = "<group>";
		};
		3CFAA5442647AAB000EEF165 /* LaunchScreen.storyboard */ = {
			isa = PBXVariantGroup;
			children = (
				3CFAA5452647AAB000EEF165 /* Base */,
			);
			name = LaunchScreen.storyboard;
			sourceTree = "<group>";
		};
/* End PBXVariantGroup section */

/* Begin XCBuildConfiguration section */
		3CFAA54A2647AAB000EEF165 /* Debug */ = {
			isa = XCBuildConfiguration;
			buildSettings = {
				ALWAYS_SEARCH_USER_PATHS = NO;
				CLANG_ANALYZER_NONNULL = YES;
				CLANG_ANALYZER_NUMBER_OBJECT_CONVERSION = YES_AGGRESSIVE;
				CLANG_CXX_LANGUAGE_STANDARD = "gnu++14";
				CLANG_CXX_LIBRARY = "libc++";
				CLANG_ENABLE_MODULES = YES;
				CLANG_ENABLE_OBJC_ARC = YES;
				CLANG_ENABLE_OBJC_WEAK = YES;
				CLANG_WARN_BLOCK_CAPTURE_AUTORELEASING = YES;
				CLANG_WARN_BOOL_CONVERSION = YES;
				CLANG_WARN_COMMA = YES;
				CLANG_WARN_CONSTANT_CONVERSION = YES;
				CLANG_WARN_DEPRECATED_OBJC_IMPLEMENTATIONS = YES;
				CLANG_WARN_DIRECT_OBJC_ISA_USAGE = YES_ERROR;
				CLANG_WARN_DOCUMENTATION_COMMENTS = YES;
				CLANG_WARN_EMPTY_BODY = YES;
				CLANG_WARN_ENUM_CONVERSION = YES;
				CLANG_WARN_INFINITE_RECURSION = YES;
				CLANG_WARN_INT_CONVERSION = YES;
				CLANG_WARN_NON_LITERAL_NULL_CONVERSION = YES;
				CLANG_WARN_OBJC_IMPLICIT_RETAIN_SELF = YES;
				CLANG_WARN_OBJC_LITERAL_CONVERSION = YES;
				CLANG_WARN_OBJC_ROOT_CLASS = YES_ERROR;
				CLANG_WARN_QUOTED_INCLUDE_IN_FRAMEWORK_HEADER = YES;
				CLANG_WARN_RANGE_LOOP_ANALYSIS = YES;
				CLANG_WARN_STRICT_PROTOTYPES = YES;
				CLANG_WARN_SUSPICIOUS_MOVE = YES;
				CLANG_WARN_UNGUARDED_AVAILABILITY = YES_AGGRESSIVE;
				CLANG_WARN_UNREACHABLE_CODE = YES;
				CLANG_WARN__DUPLICATE_METHOD_MATCH = YES;
				COPY_PHASE_STRIP = NO;
				DEBUG_INFORMATION_FORMAT = dwarf;
				ENABLE_STRICT_OBJC_MSGSEND = YES;
				ENABLE_TESTABILITY = YES;
				GCC_C_LANGUAGE_STANDARD = gnu11;
				GCC_DYNAMIC_NO_PIC = NO;
				GCC_NO_COMMON_BLOCKS = YES;
				GCC_OPTIMIZATION_LEVEL = 0;
				GCC_PREPROCESSOR_DEFINITIONS = (
					"DEBUG=1",
					"$(inherited)",
				);
				GCC_WARN_64_TO_32_BIT_CONVERSION = YES;
				GCC_WARN_ABOUT_RETURN_TYPE = YES_ERROR;
				GCC_WARN_UNDECLARED_SELECTOR = YES;
				GCC_WARN_UNINITIALIZED_AUTOS = YES_AGGRESSIVE;
				GCC_WARN_UNUSED_FUNCTION = YES;
				GCC_WARN_UNUSED_VARIABLE = YES;
				IPHONEOS_DEPLOYMENT_TARGET = 14.4;
				MTL_ENABLE_DEBUG_INFO = INCLUDE_SOURCE;
				MTL_FAST_MATH = YES;
				ONLY_ACTIVE_ARCH = YES;
				SDKROOT = iphoneos;
			};
			name = Debug;
		};
		3CFAA54B2647AAB000EEF165 /* Release */ = {
			isa = XCBuildConfiguration;
			buildSettings = {
				ALWAYS_SEARCH_USER_PATHS = NO;
				CLANG_ANALYZER_NONNULL = YES;
				CLANG_ANALYZER_NUMBER_OBJECT_CONVERSION = YES_AGGRESSIVE;
				CLANG_CXX_LANGUAGE_STANDARD = "gnu++14";
				CLANG_CXX_LIBRARY = "libc++";
				CLANG_ENABLE_MODULES = YES;
				CLANG_ENABLE_OBJC_ARC = YES;
				CLANG_ENABLE_OBJC_WEAK = YES;
				CLANG_WARN_BLOCK_CAPTURE_AUTORELEASING = YES;
				CLANG_WARN_BOOL_CONVERSION = YES;
				CLANG_WARN_COMMA = YES;
				CLANG_WARN_CONSTANT_CONVERSION = YES;
				CLANG_WARN_DEPRECATED_OBJC_IMPLEMENTATIONS = YES;
				CLANG_WARN_DIRECT_OBJC_ISA_USAGE = YES_ERROR;
				CLANG_WARN_DOCUMENTATION_COMMENTS = YES;
				CLANG_WARN_EMPTY_BODY = YES;
				CLANG_WARN_ENUM_CONVERSION = YES;
				CLANG_WARN_INFINITE_RECURSION = YES;
				CLANG_WARN_INT_CONVERSION = YES;
				CLANG_WARN_NON_LITERAL_NULL_CONVERSION = YES;
				CLANG_WARN_OBJC_IMPLICIT_RETAIN_SELF = YES;
				CLANG_WARN_OBJC_LITERAL_CONVERSION = YES;
				CLANG_WARN_OBJC_ROOT_CLASS = YES_ERROR;
				CLANG_WARN_QUOTED_INCLUDE_IN_FRAMEWORK_HEADER = YES;
				CLANG_WARN_RANGE_LOOP_ANALYSIS = YES;
				CLANG_WARN_STRICT_PROTOTYPES = YES;
				CLANG_WARN_SUSPICIOUS_MOVE = YES;
				CLANG_WARN_UNGUARDED_AVAILABILITY = YES_AGGRESSIVE;
				CLANG_WARN_UNREACHABLE_CODE = YES;
				CLANG_WARN__DUPLICATE_METHOD_MATCH = YES;
				COPY_PHASE_STRIP = NO;
				DEBUG_INFORMATION_FORMAT = "dwarf-with-dsym";
				ENABLE_NS_ASSERTIONS = NO;
				ENABLE_STRICT_OBJC_MSGSEND = YES;
				GCC_C_LANGUAGE_STANDARD = gnu11;
				GCC_NO_COMMON_BLOCKS = YES;
				GCC_WARN_64_TO_32_BIT_CONVERSION = YES;
				GCC_WARN_ABOUT_RETURN_TYPE = YES_ERROR;
				GCC_WARN_UNDECLARED_SELECTOR = YES;
				GCC_WARN_UNINITIALIZED_AUTOS = YES_AGGRESSIVE;
				GCC_WARN_UNUSED_FUNCTION = YES;
				GCC_WARN_UNUSED_VARIABLE = YES;
				IPHONEOS_DEPLOYMENT_TARGET = 14.4;
				MTL_ENABLE_DEBUG_INFO = NO;
				MTL_FAST_MATH = YES;
				SDKROOT = iphoneos;
				VALIDATE_PRODUCT = YES;
			};
			name = Release;
		};
		3CFAA54D2647AAB000EEF165 /* Debug */ = {
			isa = XCBuildConfiguration;
			buildSettings = {
				ASSETCATALOG_COMPILER_APPICON_NAME = AppIcon;
				ASSETCATALOG_COMPILER_GLOBAL_ACCENT_COLOR_NAME = AccentColor;
				CODE_SIGN_STYLE = Automatic;
				DEVELOPMENT_TEAM = GQF9DRKKG2;
				INFOPLIST_FILE = QRGenerator/Info.plist;
				LD_RUNPATH_SEARCH_PATHS = (
					"$(inherited)",
					"@executable_path/Frameworks",
				);
				PRODUCT_BUNDLE_IDENTIFIER = JINA.QRGenerator;
				PRODUCT_NAME = "$(TARGET_NAME)";
				TARGETED_DEVICE_FAMILY = "1,2";
			};
			name = Debug;
		};
		3CFAA54E2647AAB000EEF165 /* Release */ = {
			isa = XCBuildConfiguration;
			buildSettings = {
				ASSETCATALOG_COMPILER_APPICON_NAME = AppIcon;
				ASSETCATALOG_COMPILER_GLOBAL_ACCENT_COLOR_NAME = AccentColor;
				CODE_SIGN_STYLE = Automatic;
				DEVELOPMENT_TEAM = GQF9DRKKG2;
				INFOPLIST_FILE = QRGenerator/Info.plist;
				LD_RUNPATH_SEARCH_PATHS = (
					"$(inherited)",
					"@executable_path/Frameworks",
				);
				PRODUCT_BUNDLE_IDENTIFIER = JINA.QRGenerator;
				PRODUCT_NAME = "$(TARGET_NAME)";
				TARGETED_DEVICE_FAMILY = "1,2";
			};
			name = Release;
		};
/* End XCBuildConfiguration section */

/* Begin XCConfigurationList section */
		3CFAA52E2647AAAC00EEF165 /* Build configuration list for PBXProject "QRGenerator" */ = {
			isa = XCConfigurationList;
			buildConfigurations = (
				3CFAA54A2647AAB000EEF165 /* Debug */,
				3CFAA54B2647AAB000EEF165 /* Release */,
			);
			defaultConfigurationIsVisible = 0;
			defaultConfigurationName = Release;
		};
		3CFAA54C2647AAB000EEF165 /* Build configuration list for PBXNativeTarget "QRGenerator" */ = {
			isa = XCConfigurationList;
			buildConfigurations = (
				3CFAA54D2647AAB000EEF165 /* Debug */,
				3CFAA54E2647AAB000EEF165 /* Release */,
			);
			defaultConfigurationIsVisible = 0;
			defaultConfigurationName = Release;
		};
/* End XCConfigurationList section */
	};
	rootObject = 3CFAA52B2647AAAC00EEF165 /* Project object */;
}
