// !$*UTF8*$!
{
	archiveVersion = 1;
	classes = {
	};
	objectVersion = 50;
	objects = {

/* Begin PBXBuildFile section */
		3CC3C73A24EA69A500A90018 /* AppDelegate.m in Sources */ = {isa = PBXBuildFile; fileRef = 3CC3C73924EA69A500A90018 /* AppDelegate.m */; };
		3CC3C73D24EA69A500A90018 /* SceneDelegate.m in Sources */ = {isa = PBXBuildFile; fileRef = 3CC3C73C24EA69A500A90018 /* SceneDelegate.m */; };
		3CC3C74024EA69A500A90018 /* ViewController.m in Sources */ = {isa = PBXBuildFile; fileRef = 3CC3C73F24EA69A500A90018 /* ViewController.m */; };
		3CC3C74324EA69A500A90018 /* Main.storyboard in Resources */ = {isa = PBXBuildFile; fileRef = 3CC3C74124EA69A500A90018 /* Main.storyboard */; };
		3CC3C74524EA69A700A90018 /* Assets.xcassets in Resources */ = {isa = PBXBuildFile; fileRef = 3CC3C74424EA69A700A90018 /* Assets.xcassets */; };
		3CC3C74824EA69A700A90018 /* LaunchScreen.storyboard in Resources */ = {isa = PBXBuildFile; fileRef = 3CC3C74624EA69A700A90018 /* LaunchScreen.storyboard */; };
		3CC3C74B24EA69A700A90018 /* main.m in Sources */ = {isa = PBXBuildFile; fileRef = 3CC3C74A24EA69A700A90018 /* main.m */; };
/* End PBXBuildFile section */

/* Begin PBXFileReference section */
		3CC3C73524EA69A500A90018 /* ObjcToSwift.app */ = {isa = PBXFileReference; explicitFileType = wrapper.application; includeInIndex = 0; path = ObjcToSwift.app; sourceTree = BUILT_PRODUCTS_DIR; };
		3CC3C73824EA69A500A90018 /* AppDelegate.h */ = {isa = PBXFileReference; lastKnownFileType = sourcecode.c.h; path = AppDelegate.h; sourceTree = "<group>"; };
		3CC3C73924EA69A500A90018 /* AppDelegate.m */ = {isa = PBXFileReference; lastKnownFileType = sourcecode.c.objc; path = AppDelegate.m; sourceTree = "<group>"; };
		3CC3C73B24EA69A500A90018 /* SceneDelegate.h */ = {isa = PBXFileReference; lastKnownFileType = sourcecode.c.h; path = SceneDelegate.h; sourceTree = "<group>"; };
		3CC3C73C24EA69A500A90018 /* SceneDelegate.m */ = {isa = PBXFileReference; lastKnownFileType = sourcecode.c.objc; path = SceneDelegate.m; sourceTree = "<group>"; };
		3CC3C73E24EA69A500A90018 /* ViewController.h */ = {isa = PBXFileReference; lastKnownFileType = sourcecode.c.h; path = ViewController.h; sourceTree = "<group>"; };
		3CC3C73F24EA69A500A90018 /* ViewController.m */ = {isa = PBXFileReference; lastKnownFileType = sourcecode.c.objc; path = ViewController.m; sourceTree = "<group>"; };
		3CC3C74224EA69A500A90018 /* Base */ = {isa = PBXFileReference; lastKnownFileType = file.storyboard; name = Base; path = Base.lproj/Main.storyboard; sourceTree = "<group>"; };
		3CC3C74424EA69A700A90018 /* Assets.xcassets */ = {isa = PBXFileReference; lastKnownFileType = folder.assetcatalog; path = Assets.xcassets; sourceTree = "<group>"; };
		3CC3C74724EA69A700A90018 /* Base */ = {isa = PBXFileReference; lastKnownFileType = file.storyboard; name = Base; path = Base.lproj/LaunchScreen.storyboard; sourceTree = "<group>"; };
		3CC3C74924EA69A700A90018 /* Info.plist */ = {isa = PBXFileReference; lastKnownFileType = text.plist.xml; path = Info.plist; sourceTree = "<group>"; };
		3CC3C74A24EA69A700A90018 /* main.m */ = {isa = PBXFileReference; lastKnownFileType = sourcecode.c.objc; path = main.m; sourceTree = "<group>"; };
/* End PBXFileReference section */

/* Begin PBXFrameworksBuildPhase section */
		3CC3C73224EA69A500A90018 /* Frameworks */ = {
			isa = PBXFrameworksBuildPhase;
			buildActionMask = 2147483647;
			files = (
			);
			runOnlyForDeploymentPostprocessing = 0;
		};
/* End PBXFrameworksBuildPhase section */

/* Begin PBXGroup section */
		3CC3C72C24EA69A400A90018 = {
			isa = PBXGroup;
			children = (
				3CC3C73724EA69A500A90018 /* ObjcToSwift */,
				3CC3C73624EA69A500A90018 /* Products */,
			);
			sourceTree = "<group>";
		};
		3CC3C73624EA69A500A90018 /* Products */ = {
			isa = PBXGroup;
			children = (
				3CC3C73524EA69A500A90018 /* ObjcToSwift.app */,
			);
			name = Products;
			sourceTree = "<group>";
		};
		3CC3C73724EA69A500A90018 /* ObjcToSwift */ = {
			isa = PBXGroup;
			children = (
				3CC3C73824EA69A500A90018 /* AppDelegate.h */,
				3CC3C73924EA69A500A90018 /* AppDelegate.m */,
				3CC3C73B24EA69A500A90018 /* SceneDelegate.h */,
				3CC3C73C24EA69A500A90018 /* SceneDelegate.m */,
				3CC3C73E24EA69A500A90018 /* ViewController.h */,
				3CC3C73F24EA69A500A90018 /* ViewController.m */,
				3CC3C74124EA69A500A90018 /* Main.storyboard */,
				3CC3C74424EA69A700A90018 /* Assets.xcassets */,
				3CC3C74624EA69A700A90018 /* LaunchScreen.storyboard */,
				3CC3C74924EA69A700A90018 /* Info.plist */,
				3CC3C74A24EA69A700A90018 /* main.m */,
			);
			path = ObjcToSwift;
			sourceTree = "<group>";
		};
/* End PBXGroup section */

/* Begin PBXNativeTarget section */
		3CC3C73424EA69A500A90018 /* ObjcToSwift */ = {
			isa = PBXNativeTarget;
			buildConfigurationList = 3CC3C74E24EA69A700A90018 /* Build configuration list for PBXNativeTarget "ObjcToSwift" */;
			buildPhases = (
				3CC3C73124EA69A500A90018 /* Sources */,
				3CC3C73224EA69A500A90018 /* Frameworks */,
				3CC3C73324EA69A500A90018 /* Resources */,
			);
			buildRules = (
			);
			dependencies = (
			);
			name = ObjcToSwift;
			productName = ObjcToSwift;
			productReference = 3CC3C73524EA69A500A90018 /* ObjcToSwift.app */;
			productType = "com.apple.product-type.application";
		};
/* End PBXNativeTarget section */

/* Begin PBXProject section */
		3CC3C72D24EA69A400A90018 /* Project object */ = {
			isa = PBXProject;
			attributes = {
				LastUpgradeCheck = 1160;
				ORGANIZATIONNAME = "김지나";
				TargetAttributes = {
					3CC3C73424EA69A500A90018 = {
						CreatedOnToolsVersion = 11.6;
					};
				};
			};
			buildConfigurationList = 3CC3C73024EA69A400A90018 /* Build configuration list for PBXProject "ObjcToSwift" */;
			compatibilityVersion = "Xcode 9.3";
			developmentRegion = en;
			hasScannedForEncodings = 0;
			knownRegions = (
				en,
				Base,
			);
			mainGroup = 3CC3C72C24EA69A400A90018;
			productRefGroup = 3CC3C73624EA69A500A90018 /* Products */;
			projectDirPath = "";
			projectRoot = "";
			targets = (
				3CC3C73424EA69A500A90018 /* ObjcToSwift */,
			);
		};
/* End PBXProject section */

/* Begin PBXResourcesBuildPhase section */
		3CC3C73324EA69A500A90018 /* Resources */ = {
			isa = PBXResourcesBuildPhase;
			buildActionMask = 2147483647;
			files = (
				3CC3C74824EA69A700A90018 /* LaunchScreen.storyboard in Resources */,
				3CC3C74524EA69A700A90018 /* Assets.xcassets in Resources */,
				3CC3C74324EA69A500A90018 /* Main.storyboard in Resources */,
			);
			runOnlyForDeploymentPostprocessing = 0;
		};
/* End PBXResourcesBuildPhase section */

/* Begin PBXSourcesBuildPhase section */
		3CC3C73124EA69A500A90018 /* Sources */ = {
			isa = PBXSourcesBuildPhase;
			buildActionMask = 2147483647;
			files = (
				3CC3C74024EA69A500A90018 /* ViewController.m in Sources */,
				3CC3C73A24EA69A500A90018 /* AppDelegate.m in Sources */,
				3CC3C74B24EA69A700A90018 /* main.m in Sources */,
				3CC3C73D24EA69A500A90018 /* SceneDelegate.m in Sources */,
			);
			runOnlyForDeploymentPostprocessing = 0;
		};
/* End PBXSourcesBuildPhase section */

/* Begin PBXVariantGroup section */
		3CC3C74124EA69A500A90018 /* Main.storyboard */ = {
			isa = PBXVariantGroup;
			children = (
				3CC3C74224EA69A500A90018 /* Base */,
			);
			name = Main.storyboard;
			sourceTree = "<group>";
		};
		3CC3C74624EA69A700A90018 /* LaunchScreen.storyboard */ = {
			isa = PBXVariantGroup;
			children = (
				3CC3C74724EA69A700A90018 /* Base */,
			);
			name = LaunchScreen.storyboard;
			sourceTree = "<group>";
		};
/* End PBXVariantGroup section */

/* Begin XCBuildConfiguration section */
		3CC3C74C24EA69A700A90018 /* Debug */ = {
			isa = XCBuildConfiguration;
			buildSettings = {
				ALWAYS_SEARCH_USER_PATHS = NO;
				CLANG_ANALYZER_NONNULL = YES;
				CLANG_ANALYZER_NUMBER_OBJECT_CONVERSION = YES_AGGRESSIVE;
				CLANG_CXX_LANGUAGE_STANDARD = "gnu++14";
				CLANG_CXX_LIBRARY = "libc++";
				CLANG_ENABLE_MODULES = YES;
				CLANG_ENABLE_OBJC_ARC = YES;
				CLANG_ENABLE_OBJC_WEAK = YES;
				CLANG_WARN_BLOCK_CAPTURE_AUTORELEASING = YES;
				CLANG_WARN_BOOL_CONVERSION = YES;
				CLANG_WARN_COMMA = YES;
				CLANG_WARN_CONSTANT_CONVERSION = YES;
				CLANG_WARN_DEPRECATED_OBJC_IMPLEMENTATIONS = YES;
				CLANG_WARN_DIRECT_OBJC_ISA_USAGE = YES_ERROR;
				CLANG_WARN_DOCUMENTATION_COMMENTS = YES;
				CLANG_WARN_EMPTY_BODY = YES;
				CLANG_WARN_ENUM_CONVERSION = YES;
				CLANG_WARN_INFINITE_RECURSION = YES;
				CLANG_WARN_INT_CONVERSION = YES;
				CLANG_WARN_NON_LITERAL_NULL_CONVERSION = YES;
				CLANG_WARN_OBJC_IMPLICIT_RETAIN_SELF = YES;
				CLANG_WARN_OBJC_LITERAL_CONVERSION = YES;
				CLANG_WARN_OBJC_ROOT_CLASS = YES_ERROR;
				CLANG_WARN_RANGE_LOOP_ANALYSIS = YES;
				CLANG_WARN_STRICT_PROTOTYPES = YES;
				CLANG_WARN_SUSPICIOUS_MOVE = YES;
				CLANG_WARN_UNGUARDED_AVAILABILITY = YES_AGGRESSIVE;
				CLANG_WARN_UNREACHABLE_CODE = YES;
				CLANG_WARN__DUPLICATE_METHOD_MATCH = YES;
				COPY_PHASE_STRIP = NO;
				DEBUG_INFORMATION_FORMAT = dwarf;
				ENABLE_STRICT_OBJC_MSGSEND = YES;
				ENABLE_TESTABILITY = YES;
				GCC_C_LANGUAGE_STANDARD = gnu11;
				GCC_DYNAMIC_NO_PIC = NO;
				GCC_NO_COMMON_BLOCKS = YES;
				GCC_OPTIMIZATION_LEVEL = 0;
				GCC_PREPROCESSOR_DEFINITIONS = (
					"DEBUG=1",
					"$(inherited)",
				);
				GCC_WARN_64_TO_32_BIT_CONVERSION = YES;
				GCC_WARN_ABOUT_RETURN_TYPE = YES_ERROR;
				GCC_WARN_UNDECLARED_SELECTOR = YES;
				GCC_WARN_UNINITIALIZED_AUTOS = YES_AGGRESSIVE;
				GCC_WARN_UNUSED_FUNCTION = YES;
				GCC_WARN_UNUSED_VARIABLE = YES;
				IPHONEOS_DEPLOYMENT_TARGET = 13.6;
				MTL_ENABLE_DEBUG_INFO = INCLUDE_SOURCE;
				MTL_FAST_MATH = YES;
				ONLY_ACTIVE_ARCH = YES;
				SDKROOT = iphoneos;
			};
			name = Debug;
		};
		3CC3C74D24EA69A700A90018 /* Release */ = {
			isa = XCBuildConfiguration;
			buildSettings = {
				ALWAYS_SEARCH_USER_PATHS = NO;
				CLANG_ANALYZER_NONNULL = YES;
				CLANG_ANALYZER_NUMBER_OBJECT_CONVERSION = YES_AGGRESSIVE;
				CLANG_CXX_LANGUAGE_STANDARD = "gnu++14";
				CLANG_CXX_LIBRARY = "libc++";
				CLANG_ENABLE_MODULES = YES;
				CLANG_ENABLE_OBJC_ARC = YES;
				CLANG_ENABLE_OBJC_WEAK = YES;
				CLANG_WARN_BLOCK_CAPTURE_AUTORELEASING = YES;
				CLANG_WARN_BOOL_CONVERSION = YES;
				CLANG_WARN_COMMA = YES;
				CLANG_WARN_CONSTANT_CONVERSION = YES;
				CLANG_WARN_DEPRECATED_OBJC_IMPLEMENTATIONS = YES;
				CLANG_WARN_DIRECT_OBJC_ISA_USAGE = YES_ERROR;
				CLANG_WARN_DOCUMENTATION_COMMENTS = YES;
				CLANG_WARN_EMPTY_BODY = YES;
				CLANG_WARN_ENUM_CONVERSION = YES;
				CLANG_WARN_INFINITE_RECURSION = YES;
				CLANG_WARN_INT_CONVERSION = YES;
				CLANG_WARN_NON_LITERAL_NULL_CONVERSION = YES;
				CLANG_WARN_OBJC_IMPLICIT_RETAIN_SELF = YES;
				CLANG_WARN_OBJC_LITERAL_CONVERSION = YES;
				CLANG_WARN_OBJC_ROOT_CLASS = YES_ERROR;
				CLANG_WARN_RANGE_LOOP_ANALYSIS = YES;
				CLANG_WARN_STRICT_PROTOTYPES = YES;
				CLANG_WARN_SUSPICIOUS_MOVE = YES;
				CLANG_WARN_UNGUARDED_AVAILABILITY = YES_AGGRESSIVE;
				CLANG_WARN_UNREACHABLE_CODE = YES;
				CLANG_WARN__DUPLICATE_METHOD_MATCH = YES;
				COPY_PHASE_STRIP = NO;
				DEBUG_INFORMATION_FORMAT = "dwarf-with-dsym";
				ENABLE_NS_ASSERTIONS = NO;
				ENABLE_STRICT_OBJC_MSGSEND = YES;
				GCC_C_LANGUAGE_STANDARD = gnu11;
				GCC_NO_COMMON_BLOCKS = YES;
				GCC_WARN_64_TO_32_BIT_CONVERSION = YES;
				GCC_WARN_ABOUT_RETURN_TYPE = YES_ERROR;
				GCC_WARN_UNDECLARED_SELECTOR = YES;
				GCC_WARN_UNINITIALIZED_AUTOS = YES_AGGRESSIVE;
				GCC_WARN_UNUSED_FUNCTION = YES;
				GCC_WARN_UNUSED_VARIABLE = YES;
				IPHONEOS_DEPLOYMENT_TARGET = 13.6;
				MTL_ENABLE_DEBUG_INFO = NO;
				MTL_FAST_MATH = YES;
				SDKROOT = iphoneos;
				VALIDATE_PRODUCT = YES;
			};
			name = Release;
		};
		3CC3C74F24EA69A700A90018 /* Debug */ = {
			isa = XCBuildConfiguration;
			buildSettings = {
				ASSETCATALOG_COMPILER_APPICON_NAME = AppIcon;
				CODE_SIGN_STYLE = Automatic;
				INFOPLIST_FILE = ObjcToSwift/Info.plist;
				LD_RUNPATH_SEARCH_PATHS = (
					"$(inherited)",
					"@executable_path/Frameworks",
				);
				PRODUCT_BUNDLE_IDENTIFIER = JINA.ObjcToSwift;
				PRODUCT_NAME = "$(TARGET_NAME)";
				TARGETED_DEVICE_FAMILY = "1,2";
			};
			name = Debug;
		};
		3CC3C75024EA69A700A90018 /* Release */ = {
			isa = XCBuildConfiguration;
			buildSettings = {
				ASSETCATALOG_COMPILER_APPICON_NAME = AppIcon;
				CODE_SIGN_STYLE = Automatic;
				INFOPLIST_FILE = ObjcToSwift/Info.plist;
				LD_RUNPATH_SEARCH_PATHS = (
					"$(inherited)",
					"@executable_path/Frameworks",
				);
				PRODUCT_BUNDLE_IDENTIFIER = JINA.ObjcToSwift;
				PRODUCT_NAME = "$(TARGET_NAME)";
				TARGETED_DEVICE_FAMILY = "1,2";
			};
			name = Release;
		};
/* End XCBuildConfiguration section */

/* Begin XCConfigurationList section */
		3CC3C73024EA69A400A90018 /* Build configuration list for PBXProject "ObjcToSwift" */ = {
			isa = XCConfigurationList;
			buildConfigurations = (
				3CC3C74C24EA69A700A90018 /* Debug */,
				3CC3C74D24EA69A700A90018 /* Release */,
			);
			defaultConfigurationIsVisible = 0;
			defaultConfigurationName = Release;
		};
		3CC3C74E24EA69A700A90018 /* Build configuration list for PBXNativeTarget "ObjcToSwift" */ = {
			isa = XCConfigurationList;
			buildConfigurations = (
				3CC3C74F24EA69A700A90018 /* Debug */,
				3CC3C75024EA69A700A90018 /* Release */,
			);
			defaultConfigurationIsVisible = 0;
			defaultConfigurationName = Release;
		};
/* End XCConfigurationList section */
	};
	rootObject = 3CC3C72D24EA69A400A90018 /* Project object */;
}
